# This file is automatically @generated by Cargo.
# It is not intended for manual editing.
version = 3

[[package]]
name = "adler"
version = "1.0.2"
source = "registry+https://github.com/rust-lang/crates.io-index"
checksum = "f26201604c87b1e01bd3d98f8d5d9a8fcbb815e8cedb41ffccbeb4bf593a35fe"

[[package]]
name = "aho-corasick"
version = "0.7.20"
source = "registry+https://github.com/rust-lang/crates.io-index"
checksum = "cc936419f96fa211c1b9166887b38e5e40b19958e5b895be7c1f93adec7071ac"
dependencies = [
 "memchr",
]

[[package]]
name = "aki-xtee"
version = "0.1.23"
dependencies = [
 "anyhow",
 "exec-target",
 "flate2",
 "flood-tide",
 "indoc",
 "memx-cdy",
 "runnel",
 "rust-version-info-file",
 "rustc_version",
 "xz2",
 "zstd",
]

[[package]]
name = "anyhow"
version = "1.0.68"
source = "registry+https://github.com/rust-lang/crates.io-index"
checksum = "2cb2f989d18dd141ab8ae82f64d1a8cdd37e0840f73a406896cf5e99502fab61"

[[package]]
name = "case"
version = "1.0.0"
source = "registry+https://github.com/rust-lang/crates.io-index"
checksum = "fd6c0e7b807d60291f42f33f58480c0bfafe28ed08286446f45e463728cf9c1c"

[[package]]
name = "cc"
version = "1.0.78"
source = "registry+https://github.com/rust-lang/crates.io-index"
checksum = "a20104e2335ce8a659d6dd92a51a767a0c062599c73b343fd152cb401e828c3d"
dependencies = [
 "jobserver",
]

[[package]]
name = "cfg-if"
version = "1.0.0"
source = "registry+https://github.com/rust-lang/crates.io-index"
checksum = "baf1de4339761588bc0619e3cbc0120ee582ebb74b53b4efbf79117bd2da40fd"

[[package]]
name = "cpufeatures"
version = "0.2.5"
source = "registry+https://github.com/rust-lang/crates.io-index"
checksum = "28d997bd5e24a5928dd43e46dc529867e207907fe0b239c3477d924f7f2ca320"
dependencies = [
 "libc",
]

[[package]]
name = "crc32fast"
version = "1.3.2"
source = "registry+https://github.com/rust-lang/crates.io-index"
checksum = "b540bd8bc810d3885c6ea91e2018302f68baba2129ab3e88f32389ee9370880d"
dependencies = [
 "cfg-if",
]

[[package]]
name = "exec-target"
version = "0.2.7"
source = "registry+https://github.com/rust-lang/crates.io-index"
checksum = "46c8041c9b9d4d3d9557efc899720c285757436a56f7ada805913f28efe4df73"

[[package]]
name = "flate2"
version = "1.0.25"
source = "registry+https://github.com/rust-lang/crates.io-index"
checksum = "a8a2db397cb1c8772f31494cb8917e48cd1e64f0fa7efac59fbd741a0a8ce841"
dependencies = [
 "crc32fast",
 "miniz_oxide",
]

[[package]]
name = "flood-tide"
version = "0.2.8"
source = "registry+https://github.com/rust-lang/crates.io-index"
checksum = "6eef9f93d8cc660233a25f995a445ddfb6f9de6d2439709300013f0006498866"

[[package]]
name = "flood-tide-gen"
version = "0.1.19"
source = "registry+https://github.com/rust-lang/crates.io-index"
checksum = "af95a49ed924cde190334c832451cc3ef5964a6a4a9541511ec7a2592ff20f9a"
dependencies = [
 "anyhow",
 "case",
 "regex",
]

[[package]]
name = "indoc"
version = "1.0.8"
source = "registry+https://github.com/rust-lang/crates.io-index"
checksum = "da2d6f23ffea9d7e76c53eee25dfb67bcd8fde7f1198b0855350698c9f07c780"

[[package]]
name = "jobserver"
version = "0.1.25"
source = "registry+https://github.com/rust-lang/crates.io-index"
checksum = "068b1ee6743e4d11fb9c6a1e6064b3693a1b600e7f5f5988047d98b3dc9fb90b"
dependencies = [
 "libc",
]

[[package]]
name = "libc"
version = "0.2.139"
source = "registry+https://github.com/rust-lang/crates.io-index"
checksum = "201de327520df007757c1f0adce6e827fe8562fbc28bfd9c15571c66ca1f5f79"

[[package]]
name = "lzma-sys"
version = "0.1.20"
source = "registry+https://github.com/rust-lang/crates.io-index"
checksum = "5fda04ab3764e6cde78b9974eec4f779acaba7c4e84b36eca3cf77c581b85d27"
dependencies = [
 "cc",
 "libc",
 "pkg-config",
]

[[package]]
name = "memchr"
version = "2.5.0"
source = "registry+https://github.com/rust-lang/crates.io-index"
checksum = "2dffe52ecf27772e601905b7522cb4ef790d2cc203488bbd0e2fe85fcb74566d"

[[package]]
name = "memx"
version = "0.1.24"
source = "registry+https://github.com/rust-lang/crates.io-index"
checksum = "cd311ff35c67b06c057084d17ceddf7a42b6e2998fc75fa697485eefc9c63700"
dependencies = [
 "cpufeatures",
 "rustc_version",
]

[[package]]
name = "memx-cdy"
version = "0.1.10"
source = "registry+https://github.com/rust-lang/crates.io-index"
checksum = "ed3333d4072ffa9c47a43875391ca6133afd4eaf41b14e6542940ae30e95486a"
dependencies = [
 "libc",
 "memx",
]

[[package]]
name = "miniz_oxide"
version = "0.6.2"
source = "registry+https://github.com/rust-lang/crates.io-index"
checksum = "b275950c28b37e794e8c55d88aeb5e139d0ce23fdbbeda68f8d7174abdf9e8fa"
dependencies = [
 "adler",
]

[[package]]
name = "pkg-config"
version = "0.3.26"
source = "registry+https://github.com/rust-lang/crates.io-index"
checksum = "6ac9a59f73473f1b8d852421e59e64809f025994837ef743615c6d0c5b305160"

[[package]]
name = "regex"
version = "1.7.1"
source = "registry+https://github.com/rust-lang/crates.io-index"
checksum = "48aaa5748ba571fb95cd2c85c09f629215d3a6ece942baa100950af03a34f733"
dependencies = [
 "aho-corasick",
 "memchr",
 "regex-syntax",
]

[[package]]
name = "regex-syntax"
version = "0.6.28"
source = "registry+https://github.com/rust-lang/crates.io-index"
checksum = "456c603be3e8d448b072f410900c09faf164fbce2d480456f50eea6e25f9c848"

[[package]]
name = "runnel"
version = "0.3.15"
source = "registry+https://github.com/rust-lang/crates.io-index"
checksum = "74c00482bb828d40e92f4a81fee60d50d4f6af1db5cbecf96ca770eb0b85b187"
dependencies = [
 "rustc_version",
]

[[package]]
name = "rust-version-info-file"
version = "0.1.7"
source = "registry+https://github.com/rust-lang/crates.io-index"
checksum = "51082dd22c14a0d99d63127a92d9594ff605b139b2f726a6635e00d562508837"

[[package]]
name = "rustc_version"
version = "0.4.0"
source = "registry+https://github.com/rust-lang/crates.io-index"
checksum = "bfa0f585226d2e68097d4f95d113b15b83a82e819ab25717ec0590d9584ef366"
dependencies = [
 "semver",
]

[[package]]
name = "semver"
version = "1.0.16"
source = "registry+https://github.com/rust-lang/crates.io-index"
checksum = "58bc9567378fc7690d6b2addae4e60ac2eeea07becb2c64b9f218b53865cba2a"

[[package]]
name = "xtask"
version = "0.1.0"
dependencies = [
 "anyhow",
 "flood-tide-gen",
]

[[package]]
name = "xz2"
version = "0.1.7"
source = "registry+https://github.com/rust-lang/crates.io-index"
checksum = "388c44dc09d76f1536602ead6d325eb532f5c122f17782bd57fb47baeeb767e2"
dependencies = [
 "lzma-sys",
]

[[package]]
name = "zstd"
version = "0.12.1+zstd.1.5.2"
source = "registry+https://github.com/rust-lang/crates.io-index"
checksum = "5c947d2adc84ff9a59f2e3c03b81aa4128acf28d6ad7d56273f7e8af14e47bea"
dependencies = [
 "zstd-safe",
]

[[package]]
name = "zstd-safe"
version = "6.0.2+zstd.1.5.2"
source = "registry+https://github.com/rust-lang/crates.io-index"
checksum = "a6cf39f730b440bab43da8fb5faf5f254574462f73f260f85f7987f32154ff17"
dependencies = [
 "libc",
 "zstd-sys",
]

[[package]]
name = "zstd-sys"
version = "2.0.4+zstd.1.5.2"
source = "registry+https://github.com/rust-lang/crates.io-index"
checksum = "4fa202f2ef00074143e219d15b62ffc317d17cc33909feac471c044087cad7b0"
dependencies = [
 "cc",
 "libc",
]
